
Microsoft Visual Studio Solution File, Format Version 12.00
# Visual Studio Version 16
VisualStudioVersion = 16.0.30204.135
MinimumVisualStudioVersion = 10.0.40219.1
Project("{FAE04EC0-301F-11D3-BF4B-00C04F79EFBC}") = "BankingApp", "BankingApp\BankingApp.csproj", "{5EC4D1A6-94A4-4FC6-90DF-65C89D0EBB9E}"
EndProject
Global
	GlobalSection(SolutionConfigurationPlatforms) = preSolution
		Debug|Any CPU = Debug|Any CPU
		Release|Any CPU = Release|Any CPU
	EndGlobalSection
	GlobalSection(ProjectConfigurationPlatforms) = postSolution
		{5EC4D1A6-94A4-4FC6-90DF-65C89D0EBB9E}.Debug|Any CPU.ActiveCfg = Debug|Any CPU
		{5EC4D1A6-94A4-4FC6-90DF-65C89D0EBB9E}.Debug|Any CPU.Build.0 = Debug|Any CPU
		{5EC4D1A6-94A4-4FC6-90DF-65C89D0EBB9E}.Release|Any CPU.ActiveCfg = Release|Any CPU
		{5EC4D1A6-94A4-4FC6-90DF-65C89D0EBB9E}.Release|Any CPU.Build.0 = Release|Any CPU
	EndGlobalSection
	GlobalSection(SolutionProperties) = preSolution
		HideSolutionNode = FALSE
	EndGlobalSection
	GlobalSection(ExtensibilityGlobals) = postSolution
		SolutionGuid = {B559F8BC-E724-4E9A-A273-B4995AD4CD65}
	EndGlobalSection
EndGlobal
